// !$*UTF8*$!
{
	archiveVersion = 1;
	classes = {
	};
	objectVersion = 55;
	objects = {

/* Begin PBXBuildFile section */
		EB515D4D28BE2422002C0818 /* AfricaApp.swift in Sources */ = {isa = PBXBuildFile; fileRef = EB515D4C28BE2422002C0818 /* AfricaApp.swift */; };
		EB515D4F28BE2422002C0818 /* ContentView.swift in Sources */ = {isa = PBXBuildFile; fileRef = EB515D4E28BE2422002C0818 /* ContentView.swift */; };
		EB515D5128BE2423002C0818 /* Assets.xcassets in Resources */ = {isa = PBXBuildFile; fileRef = EB515D5028BE2423002C0818 /* Assets.xcassets */; };
		EB515D5428BE2423002C0818 /* Preview Assets.xcassets in Resources */ = {isa = PBXBuildFile; fileRef = EB515D5328BE2423002C0818 /* Preview Assets.xcassets */; };
		EB515D6828BE25F6002C0818 /* lion.mp4 in Resources */ = {isa = PBXBuildFile; fileRef = EB515D5E28BE25F5002C0818 /* lion.mp4 */; };
		EB515D6928BE25F6002C0818 /* gorilla.mp4 in Resources */ = {isa = PBXBuildFile; fileRef = EB515D5F28BE25F5002C0818 /* gorilla.mp4 */; };
		EB515D6A28BE25F6002C0818 /* cheetah.mp4 in Resources */ = {isa = PBXBuildFile; fileRef = EB515D6028BE25F5002C0818 /* cheetah.mp4 */; };
		EB515D6B28BE25F6002C0818 /* hippo.mp4 in Resources */ = {isa = PBXBuildFile; fileRef = EB515D6128BE25F5002C0818 /* hippo.mp4 */; };
		EB515D6C28BE25F6002C0818 /* elephant.mp4 in Resources */ = {isa = PBXBuildFile; fileRef = EB515D6228BE25F5002C0818 /* elephant.mp4 */; };
		EB515D6D28BE25F6002C0818 /* zebra.mp4 in Resources */ = {isa = PBXBuildFile; fileRef = EB515D6328BE25F6002C0818 /* zebra.mp4 */; };
		EB515D6E28BE25F6002C0818 /* lioness.mp4 in Resources */ = {isa = PBXBuildFile; fileRef = EB515D6428BE25F6002C0818 /* lioness.mp4 */; };
		EB515D6F28BE25F6002C0818 /* ostrich.mp4 in Resources */ = {isa = PBXBuildFile; fileRef = EB515D6528BE25F6002C0818 /* ostrich.mp4 */; };
		EB515D7028BE25F6002C0818 /* giraffe.mp4 in Resources */ = {isa = PBXBuildFile; fileRef = EB515D6628BE25F6002C0818 /* giraffe.mp4 */; };
		EB515D7128BE25F6002C0818 /* rhino.mp4 in Resources */ = {isa = PBXBuildFile; fileRef = EB515D6728BE25F6002C0818 /* rhino.mp4 */; };
		EB515D7728BE261E002C0818 /* covers.json in Resources */ = {isa = PBXBuildFile; fileRef = EB515D7328BE261E002C0818 /* covers.json */; };
		EB515D7828BE261E002C0818 /* videos.json in Resources */ = {isa = PBXBuildFile; fileRef = EB515D7428BE261E002C0818 /* videos.json */; };
		EB515D7928BE261E002C0818 /* locations.json in Resources */ = {isa = PBXBuildFile; fileRef = EB515D7528BE261E002C0818 /* locations.json */; };
		EB515D7A28BE261E002C0818 /* animals.json in Resources */ = {isa = PBXBuildFile; fileRef = EB515D7628BE261E002C0818 /* animals.json */; };
		EB515D7D28BE276F002C0818 /* VideoListView.swift in Sources */ = {isa = PBXBuildFile; fileRef = EB515D7C28BE276F002C0818 /* VideoListView.swift */; };
		EB515D7F28BE2792002C0818 /* MapView.swift in Sources */ = {isa = PBXBuildFile; fileRef = EB515D7E28BE2792002C0818 /* MapView.swift */; };
		EB515D8128BE27A2002C0818 /* GalleryView.swift in Sources */ = {isa = PBXBuildFile; fileRef = EB515D8028BE27A2002C0818 /* GalleryView.swift */; };
		EB515D8328BE27B3002C0818 /* MainView.swift in Sources */ = {isa = PBXBuildFile; fileRef = EB515D8228BE27B3002C0818 /* MainView.swift */; };
		EB515D8528BE4079002C0818 /* CoverImageView.swift in Sources */ = {isa = PBXBuildFile; fileRef = EB515D8428BE4079002C0818 /* CoverImageView.swift */; };
		EB515D8828BE4248002C0818 /* Bundle+Extension.swift in Sources */ = {isa = PBXBuildFile; fileRef = EB515D8728BE4248002C0818 /* Bundle+Extension.swift */; };
		EB515D8B28BE4272002C0818 /* CoverImageModel.swift in Sources */ = {isa = PBXBuildFile; fileRef = EB515D8A28BE4272002C0818 /* CoverImageModel.swift */; };
/* End PBXBuildFile section */

/* Begin PBXFileReference section */
		EB515D4928BE2422002C0818 /* Africa.app */ = {isa = PBXFileReference; explicitFileType = wrapper.application; includeInIndex = 0; path = Africa.app; sourceTree = BUILT_PRODUCTS_DIR; };
		EB515D4C28BE2422002C0818 /* AfricaApp.swift */ = {isa = PBXFileReference; lastKnownFileType = sourcecode.swift; path = AfricaApp.swift; sourceTree = "<group>"; };
		EB515D4E28BE2422002C0818 /* ContentView.swift */ = {isa = PBXFileReference; lastKnownFileType = sourcecode.swift; path = ContentView.swift; sourceTree = "<group>"; };
		EB515D5028BE2423002C0818 /* Assets.xcassets */ = {isa = PBXFileReference; lastKnownFileType = folder.assetcatalog; path = Assets.xcassets; sourceTree = "<group>"; };
		EB515D5328BE2423002C0818 /* Preview Assets.xcassets */ = {isa = PBXFileReference; lastKnownFileType = folder.assetcatalog; path = "Preview Assets.xcassets"; sourceTree = "<group>"; };
		EB515D5E28BE25F5002C0818 /* lion.mp4 */ = {isa = PBXFileReference; lastKnownFileType = file; path = lion.mp4; sourceTree = "<group>"; };
		EB515D5F28BE25F5002C0818 /* gorilla.mp4 */ = {isa = PBXFileReference; lastKnownFileType = file; path = gorilla.mp4; sourceTree = "<group>"; };
		EB515D6028BE25F5002C0818 /* cheetah.mp4 */ = {isa = PBXFileReference; lastKnownFileType = file; path = cheetah.mp4; sourceTree = "<group>"; };
		EB515D6128BE25F5002C0818 /* hippo.mp4 */ = {isa = PBXFileReference; lastKnownFileType = file; path = hippo.mp4; sourceTree = "<group>"; };
		EB515D6228BE25F5002C0818 /* elephant.mp4 */ = {isa = PBXFileReference; lastKnownFileType = file; path = elephant.mp4; sourceTree = "<group>"; };
		EB515D6328BE25F6002C0818 /* zebra.mp4 */ = {isa = PBXFileReference; lastKnownFileType = file; path = zebra.mp4; sourceTree = "<group>"; };
		EB515D6428BE25F6002C0818 /* lioness.mp4 */ = {isa = PBXFileReference; lastKnownFileType = file; path = lioness.mp4; sourceTree = "<group>"; };
		EB515D6528BE25F6002C0818 /* ostrich.mp4 */ = {isa = PBXFileReference; lastKnownFileType = file; path = ostrich.mp4; sourceTree = "<group>"; };
		EB515D6628BE25F6002C0818 /* giraffe.mp4 */ = {isa = PBXFileReference; lastKnownFileType = file; path = giraffe.mp4; sourceTree = "<group>"; };
		EB515D6728BE25F6002C0818 /* rhino.mp4 */ = {isa = PBXFileReference; lastKnownFileType = file; path = rhino.mp4; sourceTree = "<group>"; };
		EB515D7328BE261E002C0818 /* covers.json */ = {isa = PBXFileReference; fileEncoding = 4; lastKnownFileType = text.json; path = covers.json; sourceTree = "<group>"; };
		EB515D7428BE261E002C0818 /* videos.json */ = {isa = PBXFileReference; fileEncoding = 4; lastKnownFileType = text.json; path = videos.json; sourceTree = "<group>"; };
		EB515D7528BE261E002C0818 /* locations.json */ = {isa = PBXFileReference; fileEncoding = 4; lastKnownFileType = text.json; path = locations.json; sourceTree = "<group>"; };
		EB515D7628BE261E002C0818 /* animals.json */ = {isa = PBXFileReference; fileEncoding = 4; lastKnownFileType = text.json; path = animals.json; sourceTree = "<group>"; };
		EB515D7B28BE269E002C0818 /* Info.plist */ = {isa = PBXFileReference; lastKnownFileType = text.plist; path = Info.plist; sourceTree = "<group>"; };
		EB515D7C28BE276F002C0818 /* VideoListView.swift */ = {isa = PBXFileReference; lastKnownFileType = sourcecode.swift; path = VideoListView.swift; sourceTree = "<group>"; };
		EB515D7E28BE2792002C0818 /* MapView.swift */ = {isa = PBXFileReference; lastKnownFileType = sourcecode.swift; path = MapView.swift; sourceTree = "<group>"; };
		EB515D8028BE27A2002C0818 /* GalleryView.swift */ = {isa = PBXFileReference; lastKnownFileType = sourcecode.swift; path = GalleryView.swift; sourceTree = "<group>"; };
		EB515D8228BE27B3002C0818 /* MainView.swift */ = {isa = PBXFileReference; lastKnownFileType = sourcecode.swift; path = MainView.swift; sourceTree = "<group>"; };
		EB515D8428BE4079002C0818 /* CoverImageView.swift */ = {isa = PBXFileReference; lastKnownFileType = sourcecode.swift; path = CoverImageView.swift; sourceTree = "<group>"; };
		EB515D8728BE4248002C0818 /* Bundle+Extension.swift */ = {isa = PBXFileReference; lastKnownFileType = sourcecode.swift; path = "Bundle+Extension.swift"; sourceTree = "<group>"; };
		EB515D8A28BE4272002C0818 /* CoverImageModel.swift */ = {isa = PBXFileReference; lastKnownFileType = sourcecode.swift; path = CoverImageModel.swift; sourceTree = "<group>"; };
/* End PBXFileReference section */

/* Begin PBXFrameworksBuildPhase section */
		EB515D4628BE2422002C0818 /* Frameworks */ = {
			isa = PBXFrameworksBuildPhase;
			buildActionMask = 2147483647;
			files = (
			);
			runOnlyForDeploymentPostprocessing = 0;
		};
/* End PBXFrameworksBuildPhase section */

/* Begin PBXGroup section */
		EB515D4028BE2422002C0818 = {
			isa = PBXGroup;
			children = (
				EB515D4B28BE2422002C0818 /* Africa */,
				EB515D4A28BE2422002C0818 /* Products */,
			);
			sourceTree = "<group>";
		};
		EB515D4A28BE2422002C0818 /* Products */ = {
			isa = PBXGroup;
			children = (
				EB515D4928BE2422002C0818 /* Africa.app */,
			);
			name = Products;
			sourceTree = "<group>";
		};
		EB515D4B28BE2422002C0818 /* Africa */ = {
			isa = PBXGroup;
			children = (
				EB515D8928BE4269002C0818 /* Model */,
				EB515D8628BE4235002C0818 /* Extension */,
				EB515D7B28BE269E002C0818 /* Info.plist */,
				EB515D7228BE2614002C0818 /* Data */,
				EB515D5D28BE25E8002C0818 /* Video */,
				EB515D5C28BE25A7002C0818 /* Screen */,
				EB515D5B28BE25A0002C0818 /* View */,
				EB515D5A28BE2599002C0818 /* App */,
				EB515D5028BE2423002C0818 /* Assets.xcassets */,
				EB515D5228BE2423002C0818 /* Preview Content */,
			);
			path = Africa;
			sourceTree = "<group>";
		};
		EB515D5228BE2423002C0818 /* Preview Content */ = {
			isa = PBXGroup;
			children = (
				EB515D5328BE2423002C0818 /* Preview Assets.xcassets */,
			);
			path = "Preview Content";
			sourceTree = "<group>";
		};
		EB515D5A28BE2599002C0818 /* App */ = {
			isa = PBXGroup;
			children = (
				EB515D4C28BE2422002C0818 /* AfricaApp.swift */,
			);
			path = App;
			sourceTree = "<group>";
		};
		EB515D5B28BE25A0002C0818 /* View */ = {
			isa = PBXGroup;
			children = (
				EB515D8428BE4079002C0818 /* CoverImageView.swift */,
			);
			path = View;
			sourceTree = "<group>";
		};
		EB515D5C28BE25A7002C0818 /* Screen */ = {
			isa = PBXGroup;
			children = (
				EB515D4E28BE2422002C0818 /* ContentView.swift */,
				EB515D7C28BE276F002C0818 /* VideoListView.swift */,
				EB515D7E28BE2792002C0818 /* MapView.swift */,
				EB515D8028BE27A2002C0818 /* GalleryView.swift */,
				EB515D8228BE27B3002C0818 /* MainView.swift */,
			);
			path = Screen;
			sourceTree = "<group>";
		};
		EB515D5D28BE25E8002C0818 /* Video */ = {
			isa = PBXGroup;
			children = (
				EB515D6028BE25F5002C0818 /* cheetah.mp4 */,
				EB515D6228BE25F5002C0818 /* elephant.mp4 */,
				EB515D6628BE25F6002C0818 /* giraffe.mp4 */,
				EB515D5F28BE25F5002C0818 /* gorilla.mp4 */,
				EB515D6128BE25F5002C0818 /* hippo.mp4 */,
				EB515D5E28BE25F5002C0818 /* lion.mp4 */,
				EB515D6428BE25F6002C0818 /* lioness.mp4 */,
				EB515D6528BE25F6002C0818 /* ostrich.mp4 */,
				EB515D6728BE25F6002C0818 /* rhino.mp4 */,
				EB515D6328BE25F6002C0818 /* zebra.mp4 */,
			);
			path = Video;
			sourceTree = "<group>";
		};
		EB515D7228BE2614002C0818 /* Data */ = {
			isa = PBXGroup;
			children = (
				EB515D7628BE261E002C0818 /* animals.json */,
				EB515D7328BE261E002C0818 /* covers.json */,
				EB515D7528BE261E002C0818 /* locations.json */,
				EB515D7428BE261E002C0818 /* videos.json */,
			);
			path = Data;
			sourceTree = "<group>";
		};
		EB515D8628BE4235002C0818 /* Extension */ = {
			isa = PBXGroup;
			children = (
				EB515D8728BE4248002C0818 /* Bundle+Extension.swift */,
			);
			path = Extension;
			sourceTree = "<group>";
		};
		EB515D8928BE4269002C0818 /* Model */ = {
			isa = PBXGroup;
			children = (
				EB515D8A28BE4272002C0818 /* CoverImageModel.swift */,
			);
			path = Model;
			sourceTree = "<group>";
		};
/* End PBXGroup section */

/* Begin PBXNativeTarget section */
		EB515D4828BE2422002C0818 /* Africa */ = {
			isa = PBXNativeTarget;
			buildConfigurationList = EB515D5728BE2423002C0818 /* Build configuration list for PBXNativeTarget "Africa" */;
			buildPhases = (
				EB515D4528BE2422002C0818 /* Sources */,
				EB515D4628BE2422002C0818 /* Frameworks */,
				EB515D4728BE2422002C0818 /* Resources */,
			);
			buildRules = (
			);
			dependencies = (
			);
			name = Africa;
			productName = Africa;
			productReference = EB515D4928BE2422002C0818 /* Africa.app */;
			productType = "com.apple.product-type.application";
		};
/* End PBXNativeTarget section */

/* Begin PBXProject section */
		EB515D4128BE2422002C0818 /* Project object */ = {
			isa = PBXProject;
			attributes = {
				BuildIndependentTargetsInParallel = 1;
				LastSwiftUpdateCheck = 1340;
				LastUpgradeCheck = 1340;
				TargetAttributes = {
					EB515D4828BE2422002C0818 = {
						CreatedOnToolsVersion = 13.4.1;
					};
				};
			};
			buildConfigurationList = EB515D4428BE2422002C0818 /* Build configuration list for PBXProject "Africa" */;
			compatibilityVersion = "Xcode 13.0";
			developmentRegion = en;
			hasScannedForEncodings = 0;
			knownRegions = (
				en,
				Base,
			);
			mainGroup = EB515D4028BE2422002C0818;
			productRefGroup = EB515D4A28BE2422002C0818 /* Products */;
			projectDirPath = "";
			projectRoot = "";
			targets = (
				EB515D4828BE2422002C0818 /* Africa */,
			);
		};
/* End PBXProject section */

/* Begin PBXResourcesBuildPhase section */
		EB515D4728BE2422002C0818 /* Resources */ = {
			isa = PBXResourcesBuildPhase;
			buildActionMask = 2147483647;
			files = (
				EB515D7728BE261E002C0818 /* covers.json in Resources */,
				EB515D7128BE25F6002C0818 /* rhino.mp4 in Resources */,
				EB515D6928BE25F6002C0818 /* gorilla.mp4 in Resources */,
				EB515D7828BE261E002C0818 /* videos.json in Resources */,
				EB515D6A28BE25F6002C0818 /* cheetah.mp4 in Resources */,
				EB515D6E28BE25F6002C0818 /* lioness.mp4 in Resources */,
				EB515D5428BE2423002C0818 /* Preview Assets.xcassets in Resources */,
				EB515D7928BE261E002C0818 /* locations.json in Resources */,
				EB515D6828BE25F6002C0818 /* lion.mp4 in Resources */,
				EB515D7A28BE261E002C0818 /* animals.json in Resources */,
				EB515D6D28BE25F6002C0818 /* zebra.mp4 in Resources */,
				EB515D7028BE25F6002C0818 /* giraffe.mp4 in Resources */,
				EB515D6C28BE25F6002C0818 /* elephant.mp4 in Resources */,
				EB515D6B28BE25F6002C0818 /* hippo.mp4 in Resources */,
				EB515D6F28BE25F6002C0818 /* ostrich.mp4 in Resources */,
				EB515D5128BE2423002C0818 /* Assets.xcassets in Resources */,
			);
			runOnlyForDeploymentPostprocessing = 0;
		};
/* End PBXResourcesBuildPhase section */

/* Begin PBXSourcesBuildPhase section */
		EB515D4528BE2422002C0818 /* Sources */ = {
			isa = PBXSourcesBuildPhase;
			buildActionMask = 2147483647;
			files = (
				EB515D4F28BE2422002C0818 /* ContentView.swift in Sources */,
				EB515D8328BE27B3002C0818 /* MainView.swift in Sources */,
				EB515D8528BE4079002C0818 /* CoverImageView.swift in Sources */,
				EB515D8828BE4248002C0818 /* Bundle+Extension.swift in Sources */,
				EB515D7F28BE2792002C0818 /* MapView.swift in Sources */,
				EB515D8B28BE4272002C0818 /* CoverImageModel.swift in Sources */,
				EB515D4D28BE2422002C0818 /* AfricaApp.swift in Sources */,
				EB515D7D28BE276F002C0818 /* VideoListView.swift in Sources */,
				EB515D8128BE27A2002C0818 /* GalleryView.swift in Sources */,
			);
			runOnlyForDeploymentPostprocessing = 0;
		};
/* End PBXSourcesBuildPhase section */

/* Begin XCBuildConfiguration section */
		EB515D5528BE2423002C0818 /* Debug */ = {
			isa = XCBuildConfiguration;
			buildSettings = {
				ALWAYS_SEARCH_USER_PATHS = NO;
				CLANG_ANALYZER_NONNULL = YES;
				CLANG_ANALYZER_NUMBER_OBJECT_CONVERSION = YES_AGGRESSIVE;
				CLANG_CXX_LANGUAGE_STANDARD = "gnu++17";
				CLANG_ENABLE_MODULES = YES;
				CLANG_ENABLE_OBJC_ARC = YES;
				CLANG_ENABLE_OBJC_WEAK = YES;
				CLANG_WARN_BLOCK_CAPTURE_AUTORELEASING = YES;
				CLANG_WARN_BOOL_CONVERSION = YES;
				CLANG_WARN_COMMA = YES;
				CLANG_WARN_CONSTANT_CONVERSION = YES;
				CLANG_WARN_DEPRECATED_OBJC_IMPLEMENTATIONS = YES;
				CLANG_WARN_DIRECT_OBJC_ISA_USAGE = YES_ERROR;
				CLANG_WARN_DOCUMENTATION_COMMENTS = YES;
				CLANG_WARN_EMPTY_BODY = YES;
				CLANG_WARN_ENUM_CONVERSION = YES;
				CLANG_WARN_INFINITE_RECURSION = YES;
				CLANG_WARN_INT_CONVERSION = YES;
				CLANG_WARN_NON_LITERAL_NULL_CONVERSION = YES;
				CLANG_WARN_OBJC_IMPLICIT_RETAIN_SELF = YES;
				CLANG_WARN_OBJC_LITERAL_CONVERSION = YES;
				CLANG_WARN_OBJC_ROOT_CLASS = YES_ERROR;
				CLANG_WARN_QUOTED_INCLUDE_IN_FRAMEWORK_HEADER = YES;
				CLANG_WARN_RANGE_LOOP_ANALYSIS = YES;
				CLANG_WARN_STRICT_PROTOTYPES = YES;
				CLANG_WARN_SUSPICIOUS_MOVE = YES;
				CLANG_WARN_UNGUARDED_AVAILABILITY = YES_AGGRESSIVE;
				CLANG_WARN_UNREACHABLE_CODE = YES;
				CLANG_WARN__DUPLICATE_METHOD_MATCH = YES;
				COPY_PHASE_STRIP = NO;
				DEBUG_INFORMATION_FORMAT = dwarf;
				ENABLE_STRICT_OBJC_MSGSEND = YES;
				ENABLE_TESTABILITY = YES;
				GCC_C_LANGUAGE_STANDARD = gnu11;
				GCC_DYNAMIC_NO_PIC = NO;
				GCC_NO_COMMON_BLOCKS = YES;
				GCC_OPTIMIZATION_LEVEL = 0;
				GCC_PREPROCESSOR_DEFINITIONS = (
					"DEBUG=1",
					"$(inherited)",
				);
				GCC_WARN_64_TO_32_BIT_CONVERSION = YES;
				GCC_WARN_ABOUT_RETURN_TYPE = YES_ERROR;
				GCC_WARN_UNDECLARED_SELECTOR = YES;
				GCC_WARN_UNINITIALIZED_AUTOS = YES_AGGRESSIVE;
				GCC_WARN_UNUSED_FUNCTION = YES;
				GCC_WARN_UNUSED_VARIABLE = YES;
				IPHONEOS_DEPLOYMENT_TARGET = 15.5;
				MTL_ENABLE_DEBUG_INFO = INCLUDE_SOURCE;
				MTL_FAST_MATH = YES;
				ONLY_ACTIVE_ARCH = YES;
				SDKROOT = iphoneos;
				SWIFT_ACTIVE_COMPILATION_CONDITIONS = DEBUG;
				SWIFT_OPTIMIZATION_LEVEL = "-Onone";
			};
			name = Debug;
		};
		EB515D5628BE2423002C0818 /* Release */ = {
			isa = XCBuildConfiguration;
			buildSettings = {
				ALWAYS_SEARCH_USER_PATHS = NO;
				CLANG_ANALYZER_NONNULL = YES;
				CLANG_ANALYZER_NUMBER_OBJECT_CONVERSION = YES_AGGRESSIVE;
				CLANG_CXX_LANGUAGE_STANDARD = "gnu++17";
				CLANG_ENABLE_MODULES = YES;
				CLANG_ENABLE_OBJC_ARC = YES;
				CLANG_ENABLE_OBJC_WEAK = YES;
				CLANG_WARN_BLOCK_CAPTURE_AUTORELEASING = YES;
				CLANG_WARN_BOOL_CONVERSION = YES;
				CLANG_WARN_COMMA = YES;
				CLANG_WARN_CONSTANT_CONVERSION = YES;
				CLANG_WARN_DEPRECATED_OBJC_IMPLEMENTATIONS = YES;
				CLANG_WARN_DIRECT_OBJC_ISA_USAGE = YES_ERROR;
				CLANG_WARN_DOCUMENTATION_COMMENTS = YES;
				CLANG_WARN_EMPTY_BODY = YES;
				CLANG_WARN_ENUM_CONVERSION = YES;
				CLANG_WARN_INFINITE_RECURSION = YES;
				CLANG_WARN_INT_CONVERSION = YES;
				CLANG_WARN_NON_LITERAL_NULL_CONVERSION = YES;
				CLANG_WARN_OBJC_IMPLICIT_RETAIN_SELF = YES;
				CLANG_WARN_OBJC_LITERAL_CONVERSION = YES;
				CLANG_WARN_OBJC_ROOT_CLASS = YES_ERROR;
				CLANG_WARN_QUOTED_INCLUDE_IN_FRAMEWORK_HEADER = YES;
				CLANG_WARN_RANGE_LOOP_ANALYSIS = YES;
				CLANG_WARN_STRICT_PROTOTYPES = YES;
				CLANG_WARN_SUSPICIOUS_MOVE = YES;
				CLANG_WARN_UNGUARDED_AVAILABILITY = YES_AGGRESSIVE;
				CLANG_WARN_UNREACHABLE_CODE = YES;
				CLANG_WARN__DUPLICATE_METHOD_MATCH = YES;
				COPY_PHASE_STRIP = NO;
				DEBUG_INFORMATION_FORMAT = "dwarf-with-dsym";
				ENABLE_NS_ASSERTIONS = NO;
				ENABLE_STRICT_OBJC_MSGSEND = YES;
				GCC_C_LANGUAGE_STANDARD = gnu11;
				GCC_NO_COMMON_BLOCKS = YES;
				GCC_WARN_64_TO_32_BIT_CONVERSION = YES;
				GCC_WARN_ABOUT_RETURN_TYPE = YES_ERROR;
				GCC_WARN_UNDECLARED_SELECTOR = YES;
				GCC_WARN_UNINITIALIZED_AUTOS = YES_AGGRESSIVE;
				GCC_WARN_UNUSED_FUNCTION = YES;
				GCC_WARN_UNUSED_VARIABLE = YES;
				IPHONEOS_DEPLOYMENT_TARGET = 15.5;
				MTL_ENABLE_DEBUG_INFO = NO;
				MTL_FAST_MATH = YES;
				SDKROOT = iphoneos;
				SWIFT_COMPILATION_MODE = wholemodule;
				SWIFT_OPTIMIZATION_LEVEL = "-O";
				VALIDATE_PRODUCT = YES;
			};
			name = Release;
		};
		EB515D5828BE2423002C0818 /* Debug */ = {
			isa = XCBuildConfiguration;
			buildSettings = {
				ASSETCATALOG_COMPILER_APPICON_NAME = AppIcon;
				ASSETCATALOG_COMPILER_GLOBAL_ACCENT_COLOR_NAME = AccentColor;
				CODE_SIGN_STYLE = Automatic;
				CURRENT_PROJECT_VERSION = 1;
				DEVELOPMENT_ASSET_PATHS = "\"Africa/Preview Content\"";
				ENABLE_PREVIEWS = YES;
				GENERATE_INFOPLIST_FILE = YES;
				INFOPLIST_FILE = Africa/Info.plist;
				INFOPLIST_KEY_UIApplicationSceneManifest_Generation = YES;
				INFOPLIST_KEY_UIApplicationSupportsIndirectInputEvents = YES;
				INFOPLIST_KEY_UISupportedInterfaceOrientations_iPad = "UIInterfaceOrientationPortrait UIInterfaceOrientationPortraitUpsideDown UIInterfaceOrientationLandscapeLeft UIInterfaceOrientationLandscapeRight";
				INFOPLIST_KEY_UISupportedInterfaceOrientations_iPhone = "UIInterfaceOrientationPortrait UIInterfaceOrientationLandscapeLeft UIInterfaceOrientationLandscapeRight";
				INFOPLIST_KEY_UIUserInterfaceStyle = Dark;
				LD_RUNPATH_SEARCH_PATHS = (
					"$(inherited)",
					"@executable_path/Frameworks",
				);
				MARKETING_VERSION = 1.0;
				PRODUCT_BUNDLE_IDENTIFIER = com.ons.Africa;
				PRODUCT_NAME = "$(TARGET_NAME)";
				SWIFT_EMIT_LOC_STRINGS = YES;
				SWIFT_VERSION = 5.0;
				TARGETED_DEVICE_FAMILY = "1,2";
			};
			name = Debug;
		};
		EB515D5928BE2423002C0818 /* Release */ = {
			isa = XCBuildConfiguration;
			buildSettings = {
				ASSETCATALOG_COMPILER_APPICON_NAME = AppIcon;
				ASSETCATALOG_COMPILER_GLOBAL_ACCENT_COLOR_NAME = AccentColor;
				CODE_SIGN_STYLE = Automatic;
				CURRENT_PROJECT_VERSION = 1;
				DEVELOPMENT_ASSET_PATHS = "\"Africa/Preview Content\"";
				ENABLE_PREVIEWS = YES;
				GENERATE_INFOPLIST_FILE = YES;
				INFOPLIST_FILE = Africa/Info.plist;
				INFOPLIST_KEY_UIApplicationSceneManifest_Generation = YES;
				INFOPLIST_KEY_UIApplicationSupportsIndirectInputEvents = YES;
				INFOPLIST_KEY_UISupportedInterfaceOrientations_iPad = "UIInterfaceOrientationPortrait UIInterfaceOrientationPortraitUpsideDown UIInterfaceOrientationLandscapeLeft UIInterfaceOrientationLandscapeRight";
				INFOPLIST_KEY_UISupportedInterfaceOrientations_iPhone = "UIInterfaceOrientationPortrait UIInterfaceOrientationLandscapeLeft UIInterfaceOrientationLandscapeRight";
				INFOPLIST_KEY_UIUserInterfaceStyle = Dark;
				LD_RUNPATH_SEARCH_PATHS = (
					"$(inherited)",
					"@executable_path/Frameworks",
				);
				MARKETING_VERSION = 1.0;
				PRODUCT_BUNDLE_IDENTIFIER = com.ons.Africa;
				PRODUCT_NAME = "$(TARGET_NAME)";
				SWIFT_EMIT_LOC_STRINGS = YES;
				SWIFT_VERSION = 5.0;
				TARGETED_DEVICE_FAMILY = "1,2";
			};
			name = Release;
		};
/* End XCBuildConfiguration section */

/* Begin XCConfigurationList section */
		EB515D4428BE2422002C0818 /* Build configuration list for PBXProject "Africa" */ = {
			isa = XCConfigurationList;
			buildConfigurations = (
				EB515D5528BE2423002C0818 /* Debug */,
				EB515D5628BE2423002C0818 /* Release */,
			);
			defaultConfigurationIsVisible = 0;
			defaultConfigurationName = Release;
		};
		EB515D5728BE2423002C0818 /* Build configuration list for PBXNativeTarget "Africa" */ = {
			isa = XCConfigurationList;
			buildConfigurations = (
				EB515D5828BE2423002C0818 /* Debug */,
				EB515D5928BE2423002C0818 /* Release */,
			);
			defaultConfigurationIsVisible = 0;
			defaultConfigurationName = Release;
		};
/* End XCConfigurationList section */
	};
	rootObject = EB515D4128BE2422002C0818 /* Project object */;
}
